
Microsoft Visual Studio Solution File, Format Version 12.00
# Visual Studio Version 17
VisualStudioVersion = 17.12.35707.178 d17.12
MinimumVisualStudioVersion = 10.0.40219.1
Project("{FAE04EC0-301F-11D3-BF4B-00C04F79EFBC}") = "RefugeeSkillsPlatform.WebApi", "RefugeeSkillsPlatform.WebApi\RefugeeSkillsPlatform.WebApi.csproj", "{43434F23-DF28-4C2B-99C0-F3C61C869AA2}"
EndProject
Project("{FAE04EC0-301F-11D3-BF4B-00C04F79EFBC}") = "RefugeeSkillsPlatform.Core", "RefugeeSkillsPlatform.Core\RefugeeSkillsPlatform.Core.csproj", "{6427EDBC-8E69-4173-B52F-B0324DE9CADE}"
EndProject
Project("{FAE04EC0-301F-11D3-BF4B-00C04F79EFBC}") = "RefugeeSkillsPlatform.Infrastructure", "RefugeeSkillsPlatform.Infrastructure\RefugeeSkillsPlatform.Infrastructure.csproj", "{D936884B-F420-4C87-A5FE-AE265CC15079}"
EndProject
Project("{FAE04EC0-301F-11D3-BF4B-00C04F79EFBC}") = "RefugeeSkillsPlatform.Application", "RefugeeSkillsPlatform.Application\RefugeeSkillsPlatform.Application.csproj", "{256E2D87-C268-455C-B3F7-C3737BCCF5E6}"
EndProject
Global
	GlobalSection(SolutionConfigurationPlatforms) = preSolution
		Debug|Any CPU = Debug|Any CPU
		Release|Any CPU = Release|Any CPU
	EndGlobalSection
	GlobalSection(ProjectConfigurationPlatforms) = postSolution
		{43434F23-DF28-4C2B-99C0-F3C61C869AA2}.Debug|Any CPU.ActiveCfg = Debug|Any CPU
		{43434F23-DF28-4C2B-99C0-F3C61C869AA2}.Debug|Any CPU.Build.0 = Debug|Any CPU
		{43434F23-DF28-4C2B-99C0-F3C61C869AA2}.Release|Any CPU.ActiveCfg = Release|Any CPU
		{43434F23-DF28-4C2B-99C0-F3C61C869AA2}.Release|Any CPU.Build.0 = Release|Any CPU
		{6427EDBC-8E69-4173-B52F-B0324DE9CADE}.Debug|Any CPU.ActiveCfg = Debug|Any CPU
		{6427EDBC-8E69-4173-B52F-B0324DE9CADE}.Debug|Any CPU.Build.0 = Debug|Any CPU
		{6427EDBC-8E69-4173-B52F-B0324DE9CADE}.Release|Any CPU.ActiveCfg = Release|Any CPU
		{6427EDBC-8E69-4173-B52F-B0324DE9CADE}.Release|Any CPU.Build.0 = Release|Any CPU
		{D936884B-F420-4C87-A5FE-AE265CC15079}.Debug|Any CPU.ActiveCfg = Debug|Any CPU
		{D936884B-F420-4C87-A5FE-AE265CC15079}.Debug|Any CPU.Build.0 = Debug|Any CPU
		{D936884B-F420-4C87-A5FE-AE265CC15079}.Release|Any CPU.ActiveCfg = Release|Any CPU
		{D936884B-F420-4C87-A5FE-AE265CC15079}.Release|Any CPU.Build.0 = Release|Any CPU
		{256E2D87-C268-455C-B3F7-C3737BCCF5E6}.Debug|Any CPU.ActiveCfg = Debug|Any CPU
		{256E2D87-C268-455C-B3F7-C3737BCCF5E6}.Debug|Any CPU.Build.0 = Debug|Any CPU
		{256E2D87-C268-455C-B3F7-C3737BCCF5E6}.Release|Any CPU.ActiveCfg = Release|Any CPU
		{256E2D87-C268-455C-B3F7-C3737BCCF5E6}.Release|Any CPU.Build.0 = Release|Any CPU
	EndGlobalSection
	GlobalSection(SolutionProperties) = preSolution
		HideSolutionNode = FALSE
	EndGlobalSection
EndGlobal
